
Microsoft Visual Studio Solution File, Format Version 12.00
# Visual Studio Version 16
VisualStudioVersion = 16.0.30503.244
MinimumVisualStudioVersion = 10.0.40219.1
Project("{FAE04EC0-301F-11D3-BF4B-00C04F79EFBC}") = "metodi", "metodi\metodi.csproj", "{F47F1A2F-BB27-4070-B4B1-C8FCF3A64F85}"
EndProject
Project("{FAE04EC0-301F-11D3-BF4B-00C04F79EFBC}") = "Prova", "Prova\Prova.csproj", "{6CFD0F13-C58D-41DA-B37E-D3774525C80A}"
EndProject
Global
	GlobalSection(SolutionConfigurationPlatforms) = preSolution
		Debug|Any CPU = Debug|Any CPU
		Release|Any CPU = Release|Any CPU
	EndGlobalSection
	GlobalSection(ProjectConfigurationPlatforms) = postSolution
		{F47F1A2F-BB27-4070-B4B1-C8FCF3A64F85}.Debug|Any CPU.ActiveCfg = Debug|Any CPU
		{F47F1A2F-BB27-4070-B4B1-C8FCF3A64F85}.Debug|Any CPU.Build.0 = Debug|Any CPU
		{F47F1A2F-BB27-4070-B4B1-C8FCF3A64F85}.Release|Any CPU.ActiveCfg = Release|Any CPU
		{F47F1A2F-BB27-4070-B4B1-C8FCF3A64F85}.Release|Any CPU.Build.0 = Release|Any CPU
		{6CFD0F13-C58D-41DA-B37E-D3774525C80A}.Debug|Any CPU.ActiveCfg = Debug|Any CPU
		{6CFD0F13-C58D-41DA-B37E-D3774525C80A}.Debug|Any CPU.Build.0 = Debug|Any CPU
		{6CFD0F13-C58D-41DA-B37E-D3774525C80A}.Release|Any CPU.ActiveCfg = Release|Any CPU
		{6CFD0F13-C58D-41DA-B37E-D3774525C80A}.Release|Any CPU.Build.0 = Release|Any CPU
	EndGlobalSection
	GlobalSection(SolutionProperties) = preSolution
		HideSolutionNode = FALSE
	EndGlobalSection
	GlobalSection(ExtensibilityGlobals) = postSolution
		SolutionGuid = {B182DDF5-92BF-4CBC-8EE5-55341CD8E27B}
	EndGlobalSection
EndGlobal
